
Microsoft Visual Studio Solution File, Format Version 12.00
# Visual Studio Version 17
VisualStudioVersion = 17.8.34525.116
MinimumVisualStudioVersion = 10.0.40219.1
Project("{FAE04EC0-301F-11D3-BF4B-00C04F79EFBC}") = "SpeedDisplay", "SpeedDisplay.csproj", "{3C59A2C6-ADA1-44B1-BE7F-1479B4CDC093}"
EndProject
Global
	GlobalSection(SolutionConfigurationPlatforms) = preSolution
		Debug|Any CPU = Debug|Any CPU
		Release|Any CPU = Release|Any CPU
	EndGlobalSection
	GlobalSection(ProjectConfigurationPlatforms) = postSolution
		{3C59A2C6-ADA1-44B1-BE7F-1479B4CDC093}.Debug|Any CPU.ActiveCfg = Debug|Any CPU
		{3C59A2C6-ADA1-44B1-BE7F-1479B4CDC093}.Debug|Any CPU.Build.0 = Debug|Any CPU
		{3C59A2C6-ADA1-44B1-BE7F-1479B4CDC093}.Release|Any CPU.ActiveCfg = Release|Any CPU
		{3C59A2C6-ADA1-44B1-BE7F-1479B4CDC093}.Release|Any CPU.Build.0 = Release|Any CPU
	EndGlobalSection
	GlobalSection(SolutionProperties) = preSolution
		HideSolutionNode = FALSE
	EndGlobalSection
	GlobalSection(ExtensibilityGlobals) = postSolution
		SolutionGuid = {6F58A313-FAA3-4966-A28B-3982E6349ECF}
	EndGlobalSection
EndGlobal
